lockfileVersion: '9.0'

settings:
  autoInstallPeers: true
  excludeLinksFromLockfile: false

importers:

  .:
    devDependencies:
      '@biomejs/biome':
        specifier: 2.3.1
        version: 2.3.1
      '@tsconfig/node-ts':
        specifier: 23.6.1
        version: 23.6.1
      '@tsconfig/node24':
        specifier: 24.0.1
        version: 24.0.1
      '@tsconfig/strictest':
        specifier: 2.0.6
        version: 2.0.6
      '@types/node':
        specifier: 24.5.2
        version: 24.5.2
      typescript:
        specifier: 5.9.2
        version: 5.9.2

packages:

  '@biomejs/biome@2.3.1':
    resolution: {integrity: sha512-A29evf1R72V5bo4o2EPxYMm5mtyGvzp2g+biZvRFx29nWebGyyeOSsDWGx3tuNNMFRepGwxmA9ZQ15mzfabK2w==}
    engines: {node: '>=14.21.3'}
    hasBin: true

  '@biomejs/cli-darwin-arm64@2.3.1':
    resolution: {integrity: sha512-ombSf3MnTUueiYGN1SeI9tBCsDUhpWzOwS63Dove42osNh0PfE1cUtHFx6eZ1+MYCCLwXzlFlYFdrJ+U7h6LcA==}
    engines: {node: '>=14.21.3'}
    cpu: [arm64]
    os: [darwin]

  '@biomejs/cli-darwin-x64@2.3.1':
    resolution: {integrity: sha512-pcOfwyoQkrkbGvXxRvZNe5qgD797IowpJPovPX5biPk2FwMEV+INZqfCaz4G5bVq9hYnjwhRMamg11U4QsRXrQ==}
    engines: {node: '>=14.21.3'}
    cpu: [x64]
    os: [darwin]

  '@biomejs/cli-linux-arm64-musl@2.3.1':
    resolution: {integrity: sha512-+DZYv8l7FlUtTrWs1Tdt1KcNCAmRO87PyOnxKGunbWm5HKg1oZBSbIIPkjrCtDZaeqSG1DiGx7qF+CPsquQRcg==}
    engines: {node: '>=14.21.3'}
    cpu: [arm64]
    os: [linux]

  '@biomejs/cli-linux-arm64@2.3.1':
    resolution: {integrity: sha512-td5O8pFIgLs8H1sAZsD6v+5quODihyEw4nv2R8z7swUfIK1FKk+15e4eiYVLcAE4jUqngvh4j3JCNgg0Y4o4IQ==}
    engines: {node: '>=14.21.3'}
    cpu: [arm64]
    os: [linux]

  '@biomejs/cli-linux-x64-musl@2.3.1':
    resolution: {integrity: sha512-Y3Ob4nqgv38Mh+6EGHltuN+Cq8aj/gyMTJYzkFZV2AEj+9XzoXB9VNljz9pjfFNHUxvLEV4b55VWyxozQTBaUQ==}
    engines: {node: '>=14.21.3'}
    cpu: [x64]
    os: [linux]

  '@biomejs/cli-linux-x64@2.3.1':
    resolution: {integrity: sha512-PYWgEO7up7XYwSAArOpzsVCiqxBCXy53gsReAb1kKYIyXaoAlhBaBMvxR/k2Rm9aTuZ662locXUmPk/Aj+Xu+Q==}
    engines: {node: '>=14.21.3'}
    cpu: [x64]
    os: [linux]

  '@biomejs/cli-win32-arm64@2.3.1':
    resolution: {integrity: sha512-RHIG/zgo+69idUqVvV3n8+j58dKYABRpMyDmfWu2TITC+jwGPiEaT0Q3RKD+kQHiS80mpBrST0iUGeEXT0bU9A==}
    engines: {node: '>=14.21.3'}
    cpu: [arm64]
    os: [win32]

  '@biomejs/cli-win32-x64@2.3.1':
    resolution: {integrity: sha512-izl30JJ5Dp10mi90Eko47zhxE6pYyWPcnX1NQxKpL/yMhXxf95oLTzfpu4q+MDBh/gemNqyJEwjBpe0MT5iWPA==}
    engines: {node: '>=14.21.3'}
    cpu: [x64]
    os: [win32]

  '@tsconfig/node-ts@23.6.1':
    resolution: {integrity: sha512-1E5cUp+S65pLKKI9VrGMQPWDHxOEq3dAGM2onG3fLeSRwWbylYFwhIjnzJikjSN7w2nCgwxmv8ifvUKDFkK38Q==}

  '@tsconfig/node24@24.0.1':
    resolution: {integrity: sha512-3+IXshza3bIrT0tbHBr9CixQDVf4iBf0HTR0hCYowhpLqkzJjswu3UY8aZWjRXZep31kYB+o2SQeD8KwIoUHYw==}

  '@tsconfig/strictest@2.0.6':
    resolution: {integrity: sha512-tPOhmDhIUcDjvpDDYyiUdssP84Eqm7n5KxJe5J3/g+s6xoDIPAf+SIn06dhw7VkhxIvLOnhDDrX7tsqMHNEhDg==}

  '@types/node@24.5.2':
    resolution: {integrity: sha512-FYxk1I7wPv3K2XBaoyH2cTnocQEu8AOZ60hPbsyukMPLv5/5qr7V1i8PLHdl6Zf87I+xZXFvPCXYjiTFq+YSDQ==}

  typescript@5.9.2:
    resolution: {integrity: sha512-CWBzXQrc/qOkhidw1OzBTQuYRbfyxDXJMVJ1XNwUHGROVmuaeiEm3OslpZ1RV96d7SKKjZKrSJu3+t/xlw3R9A==}
    engines: {node: '>=14.17'}
    hasBin: true

  undici-types@7.12.0:
    resolution: {integrity: sha512-goOacqME2GYyOZZfb5Lgtu+1IDmAlAEu5xnD3+xTzS10hT0vzpf0SPjkXwAw9Jm+4n/mQGDP3LO8CPbYROeBfQ==}

snapshots:

  '@biomejs/biome@2.3.1':
    optionalDependencies:
      '@biomejs/cli-darwin-arm64': 2.3.1
      '@biomejs/cli-darwin-x64': 2.3.1
      '@biomejs/cli-linux-arm64': 2.3.1
      '@biomejs/cli-linux-arm64-musl': 2.3.1
      '@biomejs/cli-linux-x64': 2.3.1
      '@biomejs/cli-linux-x64-musl': 2.3.1
      '@biomejs/cli-win32-arm64': 2.3.1
      '@biomejs/cli-win32-x64': 2.3.1

  '@biomejs/cli-darwin-arm64@2.3.1':
    optional: true

  '@biomejs/cli-darwin-x64@2.3.1':
    optional: true

  '@biomejs/cli-linux-arm64-musl@2.3.1':
    optional: true

  '@biomejs/cli-linux-arm64@2.3.1':
    optional: true

  '@biomejs/cli-linux-x64-musl@2.3.1':
    optional: true

  '@biomejs/cli-linux-x64@2.3.1':
    optional: true

  '@biomejs/cli-win32-arm64@2.3.1':
    optional: true

  '@biomejs/cli-win32-x64@2.3.1':
    optional: true

  '@tsconfig/node-ts@23.6.1': {}

  '@tsconfig/node24@24.0.1': {}

  '@tsconfig/strictest@2.0.6': {}

  '@types/node@24.5.2':
    dependencies:
      undici-types: 7.12.0

  typescript@5.9.2: {}

  undici-types@7.12.0: {}
